<Solution>
  <Project Path="src/Square/Square.csproj" />
  <Project Path="src/Square.Platform.Win32/Square.Platform.Win32.csproj" />
  <Project Path="src/Square.Platform.X11/Square.Platform.X11.csproj" />
  <Project Path="src/Square.Platform.MacOS/Square.Platform.MacOS.csproj" />
  <Project Path="src/Square.Compiler/Square.Compiler.csproj" />
  <Project Path="src/Square.Extensions/Square.Extensions.csproj" />
  <Project Path="src/Square.Extensions.Markdown/Square.Extensions.Markdown.csproj" />
  <Project Path="src/Square.Extensions.CodeEditor/Square.Extensions.CodeEditor.csproj" />
  <Project Path="src/Square.Images/Square.Images.csproj" />
  <Project Path="src/Square.DevTools/Square.DevTools.csproj" />
  <Project Path="src/Square.Backends.Vulkan/Square.Backends.Vulkan.csproj" />
  <Project Path="src/Square.Backends.Skia/Square.Backends.Skia.csproj" />
  <Folder Name="/Samples/">
    <Project Path="samples/Square.Sample.CodeEditor/Square.Sample.CodeEditor.csproj" />
    <Project Path="samples/Square.Sample.HelloWorld/Square.Sample.HelloWorld.csproj" />
    <Project Path="samples/Square.Sample.RichText/Square.Sample.RichText.csproj" />
    <Project Path="samples/Square.Sample.Vue/Square.Sample.Vue.csproj" />
    <Project Path="samples/Square.Sample/Square.Sample.csproj" />
  </Folder>
  <Folder Name="/Tests/">
    <Project Path="tests/Square.Backends.Conformance.Tests/Square.Backends.Conformance.Tests.csproj" />
    <Project Path="tests/Square.Backends.Tests/Square.Backends.Tests.csproj" />
    <Project Path="tests/Square.Backends.Vulkan.Tests/Square.Backends.Vulkan.Tests.csproj" />
    <Project Path="tests/Square.Backends.Skia.Tests/Square.Backends.Skia.Tests.csproj" />
    <Project Path="tests/Square.CSS.Tests/Square.CSS.Tests.csproj" />
    <Project Path="tests/Square.Extensions.CodeEditor.Tests/Square.Extensions.CodeEditor.Tests.csproj" />
    <Project Path="tests/Square.Graphics.Tests/Square.Graphics.Tests.csproj" />
    <Project Path="tests/Square.Images.Tests/Square.Images.Tests.csproj" />
    <Project Path="tests/Square.Markup.Tests/Square.Markup.Tests.csproj" />
    <Project Path="tests/Square.Platform.Tests/Square.Platform.Tests.csproj" />
    <Project Path="tests/Square.Runtime.Tests/Square.Runtime.Tests.csproj" />
    <Project Path="tests/Square.SourceGenerator.Tests/Square.SourceGenerator.Tests.csproj" />
    <Project Path="tests/Square.UI.Tests/Square.UI.Tests.csproj" />
  </Folder>
</Solution>
