<Solution>
  <Project Path="src/Square/Square.csproj" />
  <Project Path="src/Square.Compiler/Square.Compiler.csproj" />
  <Project Path="src/Square.Platform.Android/Square.Platform.Android.csproj" />
  <Project Path="src/Square.Backends.AndroidCanvas/Square.Backends.AndroidCanvas.csproj" />
  <Project Path="src/Square.Backends.Vulkan/Square.Backends.Vulkan.csproj" />
  <Folder Name="/Samples/">
    <Project Path="samples/Square.Sample.Android/Square.Sample.Android.csproj" />
  </Folder>
</Solution>
